{
  "pins" : [
    {
      "identity" : "swift-informator",
      "kind" : "remoteSourceControl",
      "location" : "https://github.com/S2Ler/swift-informator.git",
      "state" : {
        "branch" : "feature/async-actor",
        "revision" : "74c349b6071bd046be59b764581077a48a53062d"
      }
    },
    {
      "identity" : "swift-window-controller",
      "kind" : "remoteSourceControl",
      "location" : "https://github.com/S2Ler/swift-window-controller.git",
      "state" : {
        "revision" : "7808daae2427469e81440fdf5f182548fd0ad2eb",
        "version" : "0.8.0"
      }
    }
  ],
  "version" : 2
}
