{
  "object": {
    "pins": [
      {
        "package": "Informator",
        "repositoryURL": "https://github.com/S2Ler/Informator.git",
        "state": {
          "branch": null,
          "revision": "8606da96cb544e89ca34ace782b3703768b35c81",
          "version": "0.1.0"
        }
      },
      {
        "package": "SystemWindowController",
        "repositoryURL": "https://github.com/S2Ler/SystemWindowController.git",
        "state": {
          "branch": null,
          "revision": "f0d7d7835e4f9cb4bdab4e71860c694f62bba1a5",
          "version": "0.7.0"
        }
      }
    ]
  },
  "version": 1
}
