{
  "pins" : [
    {
      "identity" : "swift-informator",
      "kind" : "remoteSourceControl",
      "location" : "https://github.com/S2Ler/swift-informator.git",
      "state" : {
        "revision" : "092e0634bb9607346ff5ad7ff7f39dbfd7737fca",
        "version" : "0.2.0"
      }
    },
    {
      "identity" : "swift-window-controller",
      "kind" : "remoteSourceControl",
      "location" : "https://github.com/S2Ler/swift-window-controller.git",
      "state" : {
        "revision" : "7808daae2427469e81440fdf5f182548fd0ad2eb",
        "version" : "0.8.0"
      }
    }
  ],
  "version" : 2
}
